
Microsoft Visual Studio Solution File, Format Version 12.00
# Visual Studio Version 16
VisualStudioVersion = 16.0.30907.101
MinimumVisualStudioVersion = 10.0.40219.1
Project("{FAE04EC0-301F-11D3-BF4B-00C04F79EFBC}") = "proyecto", "proyecto\proyecto.csproj", "{AB1B6473-BC62-4D6F-B7B9-6644E7CE5EC9}"
EndProject
Global
	GlobalSection(SolutionConfigurationPlatforms) = preSolution
		Debug|Any CPU = Debug|Any CPU
		Release|Any CPU = Release|Any CPU
	EndGlobalSection
	GlobalSection(ProjectConfigurationPlatforms) = postSolution
		{AB1B6473-BC62-4D6F-B7B9-6644E7CE5EC9}.Debug|Any CPU.ActiveCfg = Debug|Any CPU
		{AB1B6473-BC62-4D6F-B7B9-6644E7CE5EC9}.Debug|Any CPU.Build.0 = Debug|Any CPU
		{AB1B6473-BC62-4D6F-B7B9-6644E7CE5EC9}.Release|Any CPU.ActiveCfg = Release|Any CPU
		{AB1B6473-BC62-4D6F-B7B9-6644E7CE5EC9}.Release|Any CPU.Build.0 = Release|Any CPU
	EndGlobalSection
	GlobalSection(SolutionProperties) = preSolution
		HideSolutionNode = FALSE
	EndGlobalSection
	GlobalSection(ExtensibilityGlobals) = postSolution
		SolutionGuid = {FF6607BF-EBFA-428E-B8DF-B1FC01924E34}
	EndGlobalSection
EndGlobal
